// !$*UTF8*$!
{
	archiveVersion = 1;
	classes = {
	};
	objectVersion = 50;
	objects = {

/* Begin PBXBuildFile section */
		1D7DBB1C76FE5793C4589C72 /* Pods_MessageMyFriends.framework in Frameworks */ = {isa = PBXBuildFile; fileRef = EBE62EBB98C42884CB6A04CB /* Pods_MessageMyFriends.framework */; };
		5116909BE531490B1190E17F /* Pods_MessageMyFriendsTests.framework in Frameworks */ = {isa = PBXBuildFile; fileRef = 9B1CD79493F43E3F60214090 /* Pods_MessageMyFriendsTests.framework */; };
		8C54429A2235EDDA00E2727D /* AppDelegate.swift in Sources */ = {isa = PBXBuildFile; fileRef = 8C5442992235EDDA00E2727D /* AppDelegate.swift */; };
		8C54429C2235EDDA00E2727D /* ViewController.swift in Sources */ = {isa = PBXBuildFile; fileRef = 8C54429B2235EDDA00E2727D /* ViewController.swift */; };
		8C54429F2235EDDA00E2727D /* Main.storyboard in Resources */ = {isa = PBXBuildFile; fileRef = 8C54429D2235EDDA00E2727D /* Main.storyboard */; };
		8C5442A12235EDDB00E2727D /* Assets.xcassets in Resources */ = {isa = PBXBuildFile; fileRef = 8C5442A02235EDDB00E2727D /* Assets.xcassets */; };
		8C5442A42235EDDB00E2727D /* LaunchScreen.storyboard in Resources */ = {isa = PBXBuildFile; fileRef = 8C5442A22235EDDB00E2727D /* LaunchScreen.storyboard */; };
		8C5442AF2235EDDB00E2727D /* MessageMyFriendsTests.swift in Sources */ = {isa = PBXBuildFile; fileRef = 8C5442AE2235EDDB00E2727D /* MessageMyFriendsTests.swift */; };
		8C5442BA2235EDDB00E2727D /* MessageMyFriendsUITests.swift in Sources */ = {isa = PBXBuildFile; fileRef = 8C5442B92235EDDB00E2727D /* MessageMyFriendsUITests.swift */; };
		8C5442CD2235FEB800E2727D /* GoogleService-Info.plist in Resources */ = {isa = PBXBuildFile; fileRef = 8C5442CC2235FEB800E2727D /* GoogleService-Info.plist */; };
		8C5442DB2237326300E2727D /* LaunchVC.swift in Sources */ = {isa = PBXBuildFile; fileRef = 8C5442DA2237326300E2727D /* LaunchVC.swift */; };
		8C5442DD2237327400E2727D /* LaunchVC-UI.swift in Sources */ = {isa = PBXBuildFile; fileRef = 8C5442DC2237327400E2727D /* LaunchVC-UI.swift */; };
		8C5442DF22376E2400E2727D /* HomeVC.swift in Sources */ = {isa = PBXBuildFile; fileRef = 8C5442DE22376E2400E2727D /* HomeVC.swift */; };
		8C5442E122376E3200E2727D /* HomeVC-UI.swift in Sources */ = {isa = PBXBuildFile; fileRef = 8C5442E022376E3200E2727D /* HomeVC-UI.swift */; };
		8C5442E322376E4500E2727D /* HomeVC-MapView.swift in Sources */ = {isa = PBXBuildFile; fileRef = 8C5442E222376E4500E2727D /* HomeVC-MapView.swift */; };
		8C5442E522376E5200E2727D /* HomeVC-TableView.swift in Sources */ = {isa = PBXBuildFile; fileRef = 8C5442E422376E5200E2727D /* HomeVC-TableView.swift */; };
		8C5442E7223770B900E2727D /* Friend.swift in Sources */ = {isa = PBXBuildFile; fileRef = 8C5442E6223770B900E2727D /* Friend.swift */; };
		8C5442E92237727400E2727D /* Constants.swift in Sources */ = {isa = PBXBuildFile; fileRef = 8C5442E82237727400E2727D /* Constants.swift */; };
		8C5442EB223773D000E2727D /* FriendCell.swift in Sources */ = {isa = PBXBuildFile; fileRef = 8C5442EA223773D000E2727D /* FriendCell.swift */; };
		8C5442EE22377D3800E2727D /* ChatVC.swift in Sources */ = {isa = PBXBuildFile; fileRef = 8C5442ED22377D3800E2727D /* ChatVC.swift */; };
		8C5442F022377D4700E2727D /* AddFriendVC.swift in Sources */ = {isa = PBXBuildFile; fileRef = 8C5442EF22377D4700E2727D /* AddFriendVC.swift */; };
		8C5442F222377D6400E2727D /* ConfigUserVC.swift in Sources */ = {isa = PBXBuildFile; fileRef = 8C5442F122377D6400E2727D /* ConfigUserVC.swift */; };
		8C54430B22379B7200E2727D /* LoginVC-UI.swift in Sources */ = {isa = PBXBuildFile; fileRef = 8C54430822379B7200E2727D /* LoginVC-UI.swift */; };
		8C54430C22379B7200E2727D /* LoginVC-Firebase.swift in Sources */ = {isa = PBXBuildFile; fileRef = 8C54430922379B7200E2727D /* LoginVC-Firebase.swift */; };
		8C54430D22379B7200E2727D /* LoginVC.swift in Sources */ = {isa = PBXBuildFile; fileRef = 8C54430A22379B7200E2727D /* LoginVC.swift */; };
		BE329111C9F82A1C48F90F67 /* Pods_MessageMyFriendsUITests.framework in Frameworks */ = {isa = PBXBuildFile; fileRef = A2C1632C39CE78FCE0E52E0C /* Pods_MessageMyFriendsUITests.framework */; };
		C02FA8582238810A002BEDCA /* ConfigerUser-UI.swift in Sources */ = {isa = PBXBuildFile; fileRef = C02FA8572238810A002BEDCA /* ConfigerUser-UI.swift */; };
		C081992C2239910E00E4785C /* Chat.swift in Sources */ = {isa = PBXBuildFile; fileRef = C081992B2239910E00E4785C /* Chat.swift */; };
		C081993422399E1F00E4785C /* ChatVC-Firebase.swift in Sources */ = {isa = PBXBuildFile; fileRef = C081993322399E1F00E4785C /* ChatVC-Firebase.swift */; };
		C08199362239A50000E4785C /* ChatVC-UI.swift in Sources */ = {isa = PBXBuildFile; fileRef = C08199352239A50000E4785C /* ChatVC-UI.swift */; };
/* End PBXBuildFile section */

/* Begin PBXContainerItemProxy section */
		8C5442AB2235EDDB00E2727D /* PBXContainerItemProxy */ = {
			isa = PBXContainerItemProxy;
			containerPortal = 8C54428E2235EDDA00E2727D /* Project object */;
			proxyType = 1;
			remoteGlobalIDString = 8C5442952235EDDA00E2727D;
			remoteInfo = MessageMyFriends;
		};
		8C5442B62235EDDB00E2727D /* PBXContainerItemProxy */ = {
			isa = PBXContainerItemProxy;
			containerPortal = 8C54428E2235EDDA00E2727D /* Project object */;
			proxyType = 1;
			remoteGlobalIDString = 8C5442952235EDDA00E2727D;
			remoteInfo = MessageMyFriends;
		};
/* End PBXContainerItemProxy section */

/* Begin PBXFileReference section */
		0800CFE4B3E84A8B36BA5363 /* Pods-MessageMyFriendsUITests.debug.xcconfig */ = {isa = PBXFileReference; includeInIndex = 1; lastKnownFileType = text.xcconfig; name = "Pods-MessageMyFriendsUITests.debug.xcconfig"; path = "Target Support Files/Pods-MessageMyFriendsUITests/Pods-MessageMyFriendsUITests.debug.xcconfig"; sourceTree = "<group>"; };
		282F8B82B7DA2BCE937D11DE /* Pods-MessageMyFriends.release.xcconfig */ = {isa = PBXFileReference; includeInIndex = 1; lastKnownFileType = text.xcconfig; name = "Pods-MessageMyFriends.release.xcconfig"; path = "Target Support Files/Pods-MessageMyFriends/Pods-MessageMyFriends.release.xcconfig"; sourceTree = "<group>"; };
		3DE1FD7DB280B91DD2554179 /* Pods-MessageMyFriendsUITests.release.xcconfig */ = {isa = PBXFileReference; includeInIndex = 1; lastKnownFileType = text.xcconfig; name = "Pods-MessageMyFriendsUITests.release.xcconfig"; path = "Target Support Files/Pods-MessageMyFriendsUITests/Pods-MessageMyFriendsUITests.release.xcconfig"; sourceTree = "<group>"; };
		4BD2D1B8E1E6E9CFFE1DA226 /* Pods-MessageMyFriendsTests.debug.xcconfig */ = {isa = PBXFileReference; includeInIndex = 1; lastKnownFileType = text.xcconfig; name = "Pods-MessageMyFriendsTests.debug.xcconfig"; path = "Target Support Files/Pods-MessageMyFriendsTests/Pods-MessageMyFriendsTests.debug.xcconfig"; sourceTree = "<group>"; };
		8C5442962235EDDA00E2727D /* MessageMyFriends.app */ = {isa = PBXFileReference; explicitFileType = wrapper.application; includeInIndex = 0; path = MessageMyFriends.app; sourceTree = BUILT_PRODUCTS_DIR; };
		8C5442992235EDDA00E2727D /* AppDelegate.swift */ = {isa = PBXFileReference; lastKnownFileType = sourcecode.swift; path = AppDelegate.swift; sourceTree = "<group>"; };
		8C54429B2235EDDA00E2727D /* ViewController.swift */ = {isa = PBXFileReference; lastKnownFileType = sourcecode.swift; path = ViewController.swift; sourceTree = "<group>"; };
		8C54429E2235EDDA00E2727D /* Base */ = {isa = PBXFileReference; lastKnownFileType = file.storyboard; name = Base; path = Base.lproj/Main.storyboard; sourceTree = "<group>"; };
		8C5442A02235EDDB00E2727D /* Assets.xcassets */ = {isa = PBXFileReference; lastKnownFileType = folder.assetcatalog; path = Assets.xcassets; sourceTree = "<group>"; };
		8C5442A32235EDDB00E2727D /* Base */ = {isa = PBXFileReference; lastKnownFileType = file.storyboard; name = Base; path = Base.lproj/LaunchScreen.storyboard; sourceTree = "<group>"; };
		8C5442A52235EDDB00E2727D /* Info.plist */ = {isa = PBXFileReference; lastKnownFileType = text.plist.xml; path = Info.plist; sourceTree = "<group>"; };
		8C5442AA2235EDDB00E2727D /* MessageMyFriendsTests.xctest */ = {isa = PBXFileReference; explicitFileType = wrapper.cfbundle; includeInIndex = 0; path = MessageMyFriendsTests.xctest; sourceTree = BUILT_PRODUCTS_DIR; };
		8C5442AE2235EDDB00E2727D /* MessageMyFriendsTests.swift */ = {isa = PBXFileReference; lastKnownFileType = sourcecode.swift; path = MessageMyFriendsTests.swift; sourceTree = "<group>"; };
		8C5442B02235EDDB00E2727D /* Info.plist */ = {isa = PBXFileReference; lastKnownFileType = text.plist.xml; path = Info.plist; sourceTree = "<group>"; };
		8C5442B52235EDDB00E2727D /* MessageMyFriendsUITests.xctest */ = {isa = PBXFileReference; explicitFileType = wrapper.cfbundle; includeInIndex = 0; path = MessageMyFriendsUITests.xctest; sourceTree = BUILT_PRODUCTS_DIR; };
		8C5442B92235EDDB00E2727D /* MessageMyFriendsUITests.swift */ = {isa = PBXFileReference; lastKnownFileType = sourcecode.swift; path = MessageMyFriendsUITests.swift; sourceTree = "<group>"; };
		8C5442BB2235EDDB00E2727D /* Info.plist */ = {isa = PBXFileReference; lastKnownFileType = text.plist.xml; path = Info.plist; sourceTree = "<group>"; };
		8C5442CB2235FC1500E2727D /* MessageMyFriends.entitlements */ = {isa = PBXFileReference; lastKnownFileType = text.plist.entitlements; path = MessageMyFriends.entitlements; sourceTree = "<group>"; };
		8C5442CC2235FEB800E2727D /* GoogleService-Info.plist */ = {isa = PBXFileReference; fileEncoding = 4; lastKnownFileType = text.plist.xml; path = "GoogleService-Info.plist"; sourceTree = "<group>"; };
		8C5442DA2237326300E2727D /* LaunchVC.swift */ = {isa = PBXFileReference; lastKnownFileType = sourcecode.swift; path = LaunchVC.swift; sourceTree = "<group>"; };
		8C5442DC2237327400E2727D /* LaunchVC-UI.swift */ = {isa = PBXFileReference; lastKnownFileType = sourcecode.swift; path = "LaunchVC-UI.swift"; sourceTree = "<group>"; };
		8C5442DE22376E2400E2727D /* HomeVC.swift */ = {isa = PBXFileReference; lastKnownFileType = sourcecode.swift; path = HomeVC.swift; sourceTree = "<group>"; };
		8C5442E022376E3200E2727D /* HomeVC-UI.swift */ = {isa = PBXFileReference; lastKnownFileType = sourcecode.swift; path = "HomeVC-UI.swift"; sourceTree = "<group>"; };
		8C5442E222376E4500E2727D /* HomeVC-MapView.swift */ = {isa = PBXFileReference; lastKnownFileType = sourcecode.swift; path = "HomeVC-MapView.swift"; sourceTree = "<group>"; };
		8C5442E422376E5200E2727D /* HomeVC-TableView.swift */ = {isa = PBXFileReference; lastKnownFileType = sourcecode.swift; path = "HomeVC-TableView.swift"; sourceTree = "<group>"; };
		8C5442E6223770B900E2727D /* Friend.swift */ = {isa = PBXFileReference; lastKnownFileType = sourcecode.swift; path = Friend.swift; sourceTree = "<group>"; };
		8C5442E82237727400E2727D /* Constants.swift */ = {isa = PBXFileReference; lastKnownFileType = sourcecode.swift; path = Constants.swift; sourceTree = "<group>"; };
		8C5442EA223773D000E2727D /* FriendCell.swift */ = {isa = PBXFileReference; lastKnownFileType = sourcecode.swift; path = FriendCell.swift; sourceTree = "<group>"; };
		8C5442ED22377D3800E2727D /* ChatVC.swift */ = {isa = PBXFileReference; lastKnownFileType = sourcecode.swift; path = ChatVC.swift; sourceTree = "<group>"; };
		8C5442EF22377D4700E2727D /* AddFriendVC.swift */ = {isa = PBXFileReference; lastKnownFileType = sourcecode.swift; path = AddFriendVC.swift; sourceTree = "<group>"; };
		8C5442F122377D6400E2727D /* ConfigUserVC.swift */ = {isa = PBXFileReference; lastKnownFileType = sourcecode.swift; path = ConfigUserVC.swift; sourceTree = "<group>"; };
		8C54430822379B7200E2727D /* LoginVC-UI.swift */ = {isa = PBXFileReference; fileEncoding = 4; lastKnownFileType = sourcecode.swift; path = "LoginVC-UI.swift"; sourceTree = "<group>"; };
		8C54430922379B7200E2727D /* LoginVC-Firebase.swift */ = {isa = PBXFileReference; fileEncoding = 4; lastKnownFileType = sourcecode.swift; path = "LoginVC-Firebase.swift"; sourceTree = "<group>"; };
		8C54430A22379B7200E2727D /* LoginVC.swift */ = {isa = PBXFileReference; fileEncoding = 4; lastKnownFileType = sourcecode.swift; path = LoginVC.swift; sourceTree = "<group>"; };
		9B1CD79493F43E3F60214090 /* Pods_MessageMyFriendsTests.framework */ = {isa = PBXFileReference; explicitFileType = wrapper.framework; includeInIndex = 0; path = Pods_MessageMyFriendsTests.framework; sourceTree = BUILT_PRODUCTS_DIR; };
		A2C1632C39CE78FCE0E52E0C /* Pods_MessageMyFriendsUITests.framework */ = {isa = PBXFileReference; explicitFileType = wrapper.framework; includeInIndex = 0; path = Pods_MessageMyFriendsUITests.framework; sourceTree = BUILT_PRODUCTS_DIR; };
		B11A437B36F44DA4AC096D4E /* Pods-MessageMyFriendsTests.release.xcconfig */ = {isa = PBXFileReference; includeInIndex = 1; lastKnownFileType = text.xcconfig; name = "Pods-MessageMyFriendsTests.release.xcconfig"; path = "Target Support Files/Pods-MessageMyFriendsTests/Pods-MessageMyFriendsTests.release.xcconfig"; sourceTree = "<group>"; };
		C02FA8572238810A002BEDCA /* ConfigerUser-UI.swift */ = {isa = PBXFileReference; lastKnownFileType = sourcecode.swift; path = "ConfigerUser-UI.swift"; sourceTree = "<group>"; };
		C081992B2239910E00E4785C /* Chat.swift */ = {isa = PBXFileReference; lastKnownFileType = sourcecode.swift; path = Chat.swift; sourceTree = "<group>"; };
		C081992E2239996900E4785C /* Bridging-Header.h */ = {isa = PBXFileReference; lastKnownFileType = sourcecode.c.h; path = "Bridging-Header.h"; sourceTree = "<group>"; };
		C081993322399E1F00E4785C /* ChatVC-Firebase.swift */ = {isa = PBXFileReference; lastKnownFileType = sourcecode.swift; path = "ChatVC-Firebase.swift"; sourceTree = "<group>"; };
		C08199352239A50000E4785C /* ChatVC-UI.swift */ = {isa = PBXFileReference; lastKnownFileType = sourcecode.swift; path = "ChatVC-UI.swift"; sourceTree = "<group>"; };
		EABBF6B8ED8D1A0A51E2C2F8 /* Pods-MessageMyFriends.debug.xcconfig */ = {isa = PBXFileReference; includeInIndex = 1; lastKnownFileType = text.xcconfig; name = "Pods-MessageMyFriends.debug.xcconfig"; path = "Target Support Files/Pods-MessageMyFriends/Pods-MessageMyFriends.debug.xcconfig"; sourceTree = "<group>"; };
		EBE62EBB98C42884CB6A04CB /* Pods_MessageMyFriends.framework */ = {isa = PBXFileReference; explicitFileType = wrapper.framework; includeInIndex = 0; path = Pods_MessageMyFriends.framework; sourceTree = BUILT_PRODUCTS_DIR; };
/* End PBXFileReference section */

/* Begin PBXFrameworksBuildPhase section */
		8C5442932235EDDA00E2727D /* Frameworks */ = {
			isa = PBXFrameworksBuildPhase;
			buildActionMask = 2147483647;
			files = (
				1D7DBB1C76FE5793C4589C72 /* Pods_MessageMyFriends.framework in Frameworks */,
			);
			runOnlyForDeploymentPostprocessing = 0;
		};
		8C5442A72235EDDB00E2727D /* Frameworks */ = {
			isa = PBXFrameworksBuildPhase;
			buildActionMask = 2147483647;
			files = (
				5116909BE531490B1190E17F /* Pods_MessageMyFriendsTests.framework in Frameworks */,
			);
			runOnlyForDeploymentPostprocessing = 0;
		};
		8C5442B22235EDDB00E2727D /* Frameworks */ = {
			isa = PBXFrameworksBuildPhase;
			buildActionMask = 2147483647;
			files = (
				BE329111C9F82A1C48F90F67 /* Pods_MessageMyFriendsUITests.framework in Frameworks */,
			);
			runOnlyForDeploymentPostprocessing = 0;
		};
/* End PBXFrameworksBuildPhase section */

/* Begin PBXGroup section */
		746BE0DC6F0A29EFFFA4B186 /* Frameworks */ = {
			isa = PBXGroup;
			children = (
				EBE62EBB98C42884CB6A04CB /* Pods_MessageMyFriends.framework */,
				9B1CD79493F43E3F60214090 /* Pods_MessageMyFriendsTests.framework */,
				A2C1632C39CE78FCE0E52E0C /* Pods_MessageMyFriendsUITests.framework */,
			);
			name = Frameworks;
			sourceTree = "<group>";
		};
		8C54428D2235EDDA00E2727D = {
			isa = PBXGroup;
			children = (
				8C5442982235EDDA00E2727D /* MessageMyFriends */,
				8C5442AD2235EDDB00E2727D /* MessageMyFriendsTests */,
				8C5442B82235EDDB00E2727D /* MessageMyFriendsUITests */,
				8C5442972235EDDA00E2727D /* Products */,
				A127541D965C48F8210F1797 /* Pods */,
				746BE0DC6F0A29EFFFA4B186 /* Frameworks */,
			);
			sourceTree = "<group>";
		};
		8C5442972235EDDA00E2727D /* Products */ = {
			isa = PBXGroup;
			children = (
				8C5442962235EDDA00E2727D /* MessageMyFriends.app */,
				8C5442AA2235EDDB00E2727D /* MessageMyFriendsTests.xctest */,
				8C5442B52235EDDB00E2727D /* MessageMyFriendsUITests.xctest */,
			);
			name = Products;
			sourceTree = "<group>";
		};
		8C5442982235EDDA00E2727D /* MessageMyFriends */ = {
			isa = PBXGroup;
			children = (
				8C54430722379B5A00E2727D /* LoginVC */,
				8C5442D2223731A100E2727D /* Resources */,
				8C5442D02237319500E2727D /* Models */,
				8C5442CF2237318F00E2727D /* Views */,
				8C5442CE2237318500E2727D /* Controllers */,
				8C5442CB2235FC1500E2727D /* MessageMyFriends.entitlements */,
				8C5442992235EDDA00E2727D /* AppDelegate.swift */,
				8C54429D2235EDDA00E2727D /* Main.storyboard */,
				8C5442A22235EDDB00E2727D /* LaunchScreen.storyboard */,
				8C5442A52235EDDB00E2727D /* Info.plist */,
				8C5442CC2235FEB800E2727D /* GoogleService-Info.plist */,
				C081992E2239996900E4785C /* Bridging-Header.h */,
			);
			path = MessageMyFriends;
			sourceTree = "<group>";
		};
		8C5442AD2235EDDB00E2727D /* MessageMyFriendsTests */ = {
			isa = PBXGroup;
			children = (
				8C5442AE2235EDDB00E2727D /* MessageMyFriendsTests.swift */,
				8C5442B02235EDDB00E2727D /* Info.plist */,
			);
			path = MessageMyFriendsTests;
			sourceTree = "<group>";
		};
		8C5442B82235EDDB00E2727D /* MessageMyFriendsUITests */ = {
			isa = PBXGroup;
			children = (
				8C5442B92235EDDB00E2727D /* MessageMyFriendsUITests.swift */,
				8C5442BB2235EDDB00E2727D /* Info.plist */,
			);
			path = MessageMyFriendsUITests;
			sourceTree = "<group>";
		};
		8C5442CE2237318500E2727D /* Controllers */ = {
			isa = PBXGroup;
			children = (
				8C5442EC22377D2300E2727D /* ConfigUserVC */,
				8C5442D92237323000E2727D /* ChatVC */,
				8C5442D82237322900E2727D /* AddFriendVC */,
				8C5442D72237322200E2727D /* HomeVC */,
				8C5442D4223731F100E2727D /* LaunchVC */,
				8C54429B2235EDDA00E2727D /* ViewController.swift */,
			);
			path = Controllers;
			sourceTree = "<group>";
		};
		8C5442CF2237318F00E2727D /* Views */ = {
			isa = PBXGroup;
			children = (
				8C5442EA223773D000E2727D /* FriendCell.swift */,
			);
			path = Views;
			sourceTree = "<group>";
		};
		8C5442D02237319500E2727D /* Models */ = {
			isa = PBXGroup;
			children = (
				8C5442E6223770B900E2727D /* Friend.swift */,
				C081992B2239910E00E4785C /* Chat.swift */,
			);
			path = Models;
			sourceTree = "<group>";
		};
		8C5442D2223731A100E2727D /* Resources */ = {
			isa = PBXGroup;
			children = (
				8C5442A02235EDDB00E2727D /* Assets.xcassets */,
				8C5442E82237727400E2727D /* Constants.swift */,
			);
			path = Resources;
			sourceTree = "<group>";
		};
		8C5442D4223731F100E2727D /* LaunchVC */ = {
			isa = PBXGroup;
			children = (
				8C5442DA2237326300E2727D /* LaunchVC.swift */,
				8C5442DC2237327400E2727D /* LaunchVC-UI.swift */,
			);
			path = LaunchVC;
			sourceTree = "<group>";
		};
		8C5442D72237322200E2727D /* HomeVC */ = {
			isa = PBXGroup;
			children = (
				8C5442DE22376E2400E2727D /* HomeVC.swift */,
				8C5442E022376E3200E2727D /* HomeVC-UI.swift */,
				8C5442E222376E4500E2727D /* HomeVC-MapView.swift */,
				8C5442E422376E5200E2727D /* HomeVC-TableView.swift */,
			);
			path = HomeVC;
			sourceTree = "<group>";
		};
		8C5442D82237322900E2727D /* AddFriendVC */ = {
			isa = PBXGroup;
			children = (
				8C5442EF22377D4700E2727D /* AddFriendVC.swift */,
			);
			path = AddFriendVC;
			sourceTree = "<group>";
		};
		8C5442D92237323000E2727D /* ChatVC */ = {
			isa = PBXGroup;
			children = (
				8C5442ED22377D3800E2727D /* ChatVC.swift */,
				C08199352239A50000E4785C /* ChatVC-UI.swift */,
				C081993322399E1F00E4785C /* ChatVC-Firebase.swift */,
			);
			path = ChatVC;
			sourceTree = "<group>";
		};
		8C5442EC22377D2300E2727D /* ConfigUserVC */ = {
			isa = PBXGroup;
			children = (
				8C5442F122377D6400E2727D /* ConfigUserVC.swift */,
				C02FA8572238810A002BEDCA /* ConfigerUser-UI.swift */,
			);
			path = ConfigUserVC;
			sourceTree = "<group>";
		};
		8C54430722379B5A00E2727D /* LoginVC */ = {
			isa = PBXGroup;
			children = (
				8C54430922379B7200E2727D /* LoginVC-Firebase.swift */,
				8C54430822379B7200E2727D /* LoginVC-UI.swift */,
				8C54430A22379B7200E2727D /* LoginVC.swift */,
			);
			name = LoginVC;
			path = LoginVC2;
			sourceTree = "<group>";
		};
		A127541D965C48F8210F1797 /* Pods */ = {
			isa = PBXGroup;
			children = (
				EABBF6B8ED8D1A0A51E2C2F8 /* Pods-MessageMyFriends.debug.xcconfig */,
				282F8B82B7DA2BCE937D11DE /* Pods-MessageMyFriends.release.xcconfig */,
				4BD2D1B8E1E6E9CFFE1DA226 /* Pods-MessageMyFriendsTests.debug.xcconfig */,
				B11A437B36F44DA4AC096D4E /* Pods-MessageMyFriendsTests.release.xcconfig */,
				0800CFE4B3E84A8B36BA5363 /* Pods-MessageMyFriendsUITests.debug.xcconfig */,
				3DE1FD7DB280B91DD2554179 /* Pods-MessageMyFriendsUITests.release.xcconfig */,
			);
			path = Pods;
			sourceTree = "<group>";
		};
/* End PBXGroup section */

/* Begin PBXNativeTarget section */
		8C5442952235EDDA00E2727D /* MessageMyFriends */ = {
			isa = PBXNativeTarget;
			buildConfigurationList = 8C5442BE2235EDDB00E2727D /* Build configuration list for PBXNativeTarget "MessageMyFriends" */;
			buildPhases = (
				494180672742A4E66901F170 /* [CP] Check Pods Manifest.lock */,
				8C5442922235EDDA00E2727D /* Sources */,
				8C5442932235EDDA00E2727D /* Frameworks */,
				8C5442942235EDDA00E2727D /* Resources */,
				2A0B1369F301FCF1610BD18F /* [CP] Embed Pods Frameworks */,
				297E68F36290CAE94BC1B7DC /* [CP] Copy Pods Resources */,
			);
			buildRules = (
			);
			dependencies = (
			);
			name = MessageMyFriends;
			productName = MessageMyFriends;
			productReference = 8C5442962235EDDA00E2727D /* MessageMyFriends.app */;
			productType = "com.apple.product-type.application";
		};
		8C5442A92235EDDB00E2727D /* MessageMyFriendsTests */ = {
			isa = PBXNativeTarget;
			buildConfigurationList = 8C5442C12235EDDB00E2727D /* Build configuration list for PBXNativeTarget "MessageMyFriendsTests" */;
			buildPhases = (
				B3FE8B83D031C253BDACF99C /* [CP] Check Pods Manifest.lock */,
				8C5442A62235EDDB00E2727D /* Sources */,
				8C5442A72235EDDB00E2727D /* Frameworks */,
				8C5442A82235EDDB00E2727D /* Resources */,
			);
			buildRules = (
			);
			dependencies = (
				8C5442AC2235EDDB00E2727D /* PBXTargetDependency */,
			);
			name = MessageMyFriendsTests;
			productName = MessageMyFriendsTests;
			productReference = 8C5442AA2235EDDB00E2727D /* MessageMyFriendsTests.xctest */;
			productType = "com.apple.product-type.bundle.unit-test";
		};
		8C5442B42235EDDB00E2727D /* MessageMyFriendsUITests */ = {
			isa = PBXNativeTarget;
			buildConfigurationList = 8C5442C42235EDDB00E2727D /* Build configuration list for PBXNativeTarget "MessageMyFriendsUITests" */;
			buildPhases = (
				FDD73F2DB2BA077753452838 /* [CP] Check Pods Manifest.lock */,
				8C5442B12235EDDB00E2727D /* Sources */,
				8C5442B22235EDDB00E2727D /* Frameworks */,
				8C5442B32235EDDB00E2727D /* Resources */,
			);
			buildRules = (
			);
			dependencies = (
				8C5442B72235EDDB00E2727D /* PBXTargetDependency */,
			);
			name = MessageMyFriendsUITests;
			productName = MessageMyFriendsUITests;
			productReference = 8C5442B52235EDDB00E2727D /* MessageMyFriendsUITests.xctest */;
			productType = "com.apple.product-type.bundle.ui-testing";
		};
/* End PBXNativeTarget section */

/* Begin PBXProject section */
		8C54428E2235EDDA00E2727D /* Project object */ = {
			isa = PBXProject;
			attributes = {
				LastSwiftUpdateCheck = 1010;
				LastUpgradeCheck = 1010;
				ORGANIZATIONNAME = "Tyler Reinecke";
				TargetAttributes = {
					8C5442952235EDDA00E2727D = {
						CreatedOnToolsVersion = 10.1;
						SystemCapabilities = {
							com.apple.BackgroundModes = {
								enabled = 1;
							};
							com.apple.Push = {
								enabled = 1;
							};
							com.apple.SafariKeychain = {
								enabled = 1;
							};
						};
					};
					8C5442A92235EDDB00E2727D = {
						CreatedOnToolsVersion = 10.1;
						TestTargetID = 8C5442952235EDDA00E2727D;
					};
					8C5442B42235EDDB00E2727D = {
						CreatedOnToolsVersion = 10.1;
						TestTargetID = 8C5442952235EDDA00E2727D;
					};
				};
			};
			buildConfigurationList = 8C5442912235EDDA00E2727D /* Build configuration list for PBXProject "MessageMyFriends" */;
			compatibilityVersion = "Xcode 9.3";
			developmentRegion = en;
			hasScannedForEncodings = 0;
			knownRegions = (
				en,
				Base,
			);
			mainGroup = 8C54428D2235EDDA00E2727D;
			productRefGroup = 8C5442972235EDDA00E2727D /* Products */;
			projectDirPath = "";
			projectRoot = "";
			targets = (
				8C5442952235EDDA00E2727D /* MessageMyFriends */,
				8C5442A92235EDDB00E2727D /* MessageMyFriendsTests */,
				8C5442B42235EDDB00E2727D /* MessageMyFriendsUITests */,
			);
		};
/* End PBXProject section */

/* Begin PBXResourcesBuildPhase section */
		8C5442942235EDDA00E2727D /* Resources */ = {
			isa = PBXResourcesBuildPhase;
			buildActionMask = 2147483647;
			files = (
				8C5442A42235EDDB00E2727D /* LaunchScreen.storyboard in Resources */,
				8C5442CD2235FEB800E2727D /* GoogleService-Info.plist in Resources */,
				8C5442A12235EDDB00E2727D /* Assets.xcassets in Resources */,
				8C54429F2235EDDA00E2727D /* Main.storyboard in Resources */,
			);
			runOnlyForDeploymentPostprocessing = 0;
		};
		8C5442A82235EDDB00E2727D /* Resources */ = {
			isa = PBXResourcesBuildPhase;
			buildActionMask = 2147483647;
			files = (
			);
			runOnlyForDeploymentPostprocessing = 0;
		};
		8C5442B32235EDDB00E2727D /* Resources */ = {
			isa = PBXResourcesBuildPhase;
			buildActionMask = 2147483647;
			files = (
			);
			runOnlyForDeploymentPostprocessing = 0;
		};
/* End PBXResourcesBuildPhase section */

/* Begin PBXShellScriptBuildPhase section */
		297E68F36290CAE94BC1B7DC /* [CP] Copy Pods Resources */ = {
			isa = PBXShellScriptBuildPhase;
			buildActionMask = 2147483647;
			files = (
			);
			inputFileListPaths = (
			);
			inputPaths = (
				"${PODS_ROOT}/Target Support Files/Pods-MessageMyFriends/Pods-MessageMyFriends-resources.sh",
				"${PODS_CONFIGURATION_BUILD_DIR}/FirebaseUI/FirebaseAnonymousAuthUI.bundle",
				"${PODS_CONFIGURATION_BUILD_DIR}/FirebaseUI/FirebaseAuthUI.bundle",
				"${PODS_CONFIGURATION_BUILD_DIR}/FirebaseUI/FirebaseEmailAuthUI.bundle",
				"${PODS_CONFIGURATION_BUILD_DIR}/FirebaseUI/FirebaseFacebookAuthUI.bundle",
				"${PODS_CONFIGURATION_BUILD_DIR}/FirebaseUI/FirebaseGoogleAuthUI.bundle",
				"${PODS_CONFIGURATION_BUILD_DIR}/FirebaseUI/FirebasePhoneAuthUI.bundle",
				"${PODS_CONFIGURATION_BUILD_DIR}/FirebaseUI/FirebaseTwitterAuthUI.bundle",
				"${PODS_ROOT}/GoogleSignIn/Resources/GoogleSignIn.bundle",
				"${PODS_ROOT}/TwitterKit/iOS/TwitterKit.framework/TwitterKitResources.bundle",
			);
			name = "[CP] Copy Pods Resources";
			outputFileListPaths = (
			);
			outputPaths = (
				"${TARGET_BUILD_DIR}/${UNLOCALIZED_RESOURCES_FOLDER_PATH}/FirebaseAnonymousAuthUI.bundle",
				"${TARGET_BUILD_DIR}/${UNLOCALIZED_RESOURCES_FOLDER_PATH}/FirebaseAuthUI.bundle",
				"${TARGET_BUILD_DIR}/${UNLOCALIZED_RESOURCES_FOLDER_PATH}/FirebaseEmailAuthUI.bundle",
				"${TARGET_BUILD_DIR}/${UNLOCALIZED_RESOURCES_FOLDER_PATH}/FirebaseFacebookAuthUI.bundle",
				"${TARGET_BUILD_DIR}/${UNLOCALIZED_RESOURCES_FOLDER_PATH}/FirebaseGoogleAuthUI.bundle",
				"${TARGET_BUILD_DIR}/${UNLOCALIZED_RESOURCES_FOLDER_PATH}/FirebasePhoneAuthUI.bundle",
				"${TARGET_BUILD_DIR}/${UNLOCALIZED_RESOURCES_FOLDER_PATH}/FirebaseTwitterAuthUI.bundle",
				"${TARGET_BUILD_DIR}/${UNLOCALIZED_RESOURCES_FOLDER_PATH}/GoogleSignIn.bundle",
				"${TARGET_BUILD_DIR}/${UNLOCALIZED_RESOURCES_FOLDER_PATH}/TwitterKitResources.bundle",
			);
			runOnlyForDeploymentPostprocessing = 0;
			shellPath = /bin/sh;
			shellScript = "\"${PODS_ROOT}/Target Support Files/Pods-MessageMyFriends/Pods-MessageMyFriends-resources.sh\"\n";
			showEnvVarsInLog = 0;
		};
		2A0B1369F301FCF1610BD18F /* [CP] Embed Pods Frameworks */ = {
			isa = PBXShellScriptBuildPhase;
			buildActionMask = 2147483647;
			files = (
			);
			inputFileListPaths = (
			);
			inputPaths = (
				"${PODS_ROOT}/Target Support Files/Pods-MessageMyFriends/Pods-MessageMyFriends-frameworks.sh",
				"${BUILT_PRODUCTS_DIR}/ARMDevSuite/ARMDevSuite.framework",
				"${BUILT_PRODUCTS_DIR}/Bolts/Bolts.framework",
				"${BUILT_PRODUCTS_DIR}/BoringSSL-GRPC/openssl_grpc.framework",
				"${BUILT_PRODUCTS_DIR}/CryptoSwift/CryptoSwift.framework",
				"${BUILT_PRODUCTS_DIR}/DKCamera/DKCamera.framework",
				"${BUILT_PRODUCTS_DIR}/DKImagePickerController/DKImagePickerController.framework",
				"${BUILT_PRODUCTS_DIR}/DKPhotoGallery/DKPhotoGallery.framework",
				"${BUILT_PRODUCTS_DIR}/FBSDKCoreKit/FBSDKCoreKit.framework",
				"${BUILT_PRODUCTS_DIR}/FBSDKLoginKit/FBSDKLoginKit.framework",
				"${BUILT_PRODUCTS_DIR}/FLAnimatedImage/FLAnimatedImage.framework",
				"${BUILT_PRODUCTS_DIR}/GTMSessionFetcher/GTMSessionFetcher.framework",
				"${BUILT_PRODUCTS_DIR}/GoogleToolboxForMac/GoogleToolboxForMac.framework",
				"${BUILT_PRODUCTS_DIR}/GoogleUtilities/GoogleUtilities.framework",
				"${BUILT_PRODUCTS_DIR}/JGProgressHUD/JGProgressHUD.framework",
				"${BUILT_PRODUCTS_DIR}/JSQMessagesViewController/JSQMessagesViewController.framework",
				"${BUILT_PRODUCTS_DIR}/JSQSystemSoundPlayer/JSQSystemSoundPlayer.framework",
				"${BUILT_PRODUCTS_DIR}/MessageInputBar/MessageInputBar.framework",
				"${BUILT_PRODUCTS_DIR}/MessageKit/MessageKit.framework",
				"${BUILT_PRODUCTS_DIR}/Protobuf/Protobuf.framework",
				"${BUILT_PRODUCTS_DIR}/SDWebImage/SDWebImage.framework",
				"${BUILT_PRODUCTS_DIR}/SkyFloatingLabelTextField/SkyFloatingLabelTextField.framework",
				"${BUILT_PRODUCTS_DIR}/TOCropViewController/TOCropViewController.framework",
				"${PODS_ROOT}/TwitterCore/iOS/TwitterCore.framework",
				"${PODS_ROOT}/TwitterKit/iOS/TwitterKit.framework",
				"${BUILT_PRODUCTS_DIR}/gRPC-C++/grpcpp.framework",
				"${BUILT_PRODUCTS_DIR}/gRPC-Core/grpc.framework",
				"${BUILT_PRODUCTS_DIR}/leveldb-library/leveldb.framework",
				"${BUILT_PRODUCTS_DIR}/nanopb/nanopb.framework",
			);
			name = "[CP] Embed Pods Frameworks";
			outputFileListPaths = (
			);
			outputPaths = (
				"${TARGET_BUILD_DIR}/${FRAMEWORKS_FOLDER_PATH}/ARMDevSuite.framework",
				"${TARGET_BUILD_DIR}/${FRAMEWORKS_FOLDER_PATH}/Bolts.framework",
				"${TARGET_BUILD_DIR}/${FRAMEWORKS_FOLDER_PATH}/openssl_grpc.framework",
				"${TARGET_BUILD_DIR}/${FRAMEWORKS_FOLDER_PATH}/CryptoSwift.framework",
				"${TARGET_BUILD_DIR}/${FRAMEWORKS_FOLDER_PATH}/DKCamera.framework",
				"${TARGET_BUILD_DIR}/${FRAMEWORKS_FOLDER_PATH}/DKImagePickerController.framework",
				"${TARGET_BUILD_DIR}/${FRAMEWORKS_FOLDER_PATH}/DKPhotoGallery.framework",
				"${TARGET_BUILD_DIR}/${FRAMEWORKS_FOLDER_PATH}/FBSDKCoreKit.framework",
				"${TARGET_BUILD_DIR}/${FRAMEWORKS_FOLDER_PATH}/FBSDKLoginKit.framework",
				"${TARGET_BUILD_DIR}/${FRAMEWORKS_FOLDER_PATH}/FLAnimatedImage.framework",
				"${TARGET_BUILD_DIR}/${FRAMEWORKS_FOLDER_PATH}/GTMSessionFetcher.framework",
				"${TARGET_BUILD_DIR}/${FRAMEWORKS_FOLDER_PATH}/GoogleToolboxForMac.framework",
				"${TARGET_BUILD_DIR}/${FRAMEWORKS_FOLDER_PATH}/GoogleUtilities.framework",
				"${TARGET_BUILD_DIR}/${FRAMEWORKS_FOLDER_PATH}/JGProgressHUD.framework",
				"${TARGET_BUILD_DIR}/${FRAMEWORKS_FOLDER_PATH}/JSQMessagesViewController.framework",
				"${TARGET_BUILD_DIR}/${FRAMEWORKS_FOLDER_PATH}/JSQSystemSoundPlayer.framework",
				"${TARGET_BUILD_DIR}/${FRAMEWORKS_FOLDER_PATH}/MessageInputBar.framework",
				"${TARGET_BUILD_DIR}/${FRAMEWORKS_FOLDER_PATH}/MessageKit.framework",
				"${TARGET_BUILD_DIR}/${FRAMEWORKS_FOLDER_PATH}/Protobuf.framework",
				"${TARGET_BUILD_DIR}/${FRAMEWORKS_FOLDER_PATH}/SDWebImage.framework",
				"${TARGET_BUILD_DIR}/${FRAMEWORKS_FOLDER_PATH}/SkyFloatingLabelTextField.framework",
				"${TARGET_BUILD_DIR}/${FRAMEWORKS_FOLDER_PATH}/TOCropViewController.framework",
				"${TARGET_BUILD_DIR}/${FRAMEWORKS_FOLDER_PATH}/TwitterCore.framework",
				"${TARGET_BUILD_DIR}/${FRAMEWORKS_FOLDER_PATH}/TwitterKit.framework",
				"${TARGET_BUILD_DIR}/${FRAMEWORKS_FOLDER_PATH}/grpcpp.framework",
				"${TARGET_BUILD_DIR}/${FRAMEWORKS_FOLDER_PATH}/grpc.framework",
				"${TARGET_BUILD_DIR}/${FRAMEWORKS_FOLDER_PATH}/leveldb.framework",
				"${TARGET_BUILD_DIR}/${FRAMEWORKS_FOLDER_PATH}/nanopb.framework",
			);
			runOnlyForDeploymentPostprocessing = 0;
			shellPath = /bin/sh;
			shellScript = "\"${PODS_ROOT}/Target Support Files/Pods-MessageMyFriends/Pods-MessageMyFriends-frameworks.sh\"\n";
			showEnvVarsInLog = 0;
		};
		494180672742A4E66901F170 /* [CP] Check Pods Manifest.lock */ = {
			isa = PBXShellScriptBuildPhase;
			buildActionMask = 2147483647;
			files = (
			);
			inputFileListPaths = (
			);
			inputPaths = (
				"${PODS_PODFILE_DIR_PATH}/Podfile.lock",
				"${PODS_ROOT}/Manifest.lock",
			);
			name = "[CP] Check Pods Manifest.lock";
			outputFileListPaths = (
			);
			outputPaths = (
				"$(DERIVED_FILE_DIR)/Pods-MessageMyFriends-checkManifestLockResult.txt",
			);
			runOnlyForDeploymentPostprocessing = 0;
			shellPath = /bin/sh;
			shellScript = "diff \"${PODS_PODFILE_DIR_PATH}/Podfile.lock\" \"${PODS_ROOT}/Manifest.lock\" > /dev/null\nif [ $? != 0 ] ; then\n    # print error to STDERR\n    echo \"error: The sandbox is not in sync with the Podfile.lock. Run 'pod install' or update your CocoaPods installation.\" >&2\n    exit 1\nfi\n# This output is used by Xcode 'outputs' to avoid re-running this script phase.\necho \"SUCCESS\" > \"${SCRIPT_OUTPUT_FILE_0}\"\n";
			showEnvVarsInLog = 0;
		};
		B3FE8B83D031C253BDACF99C /* [CP] Check Pods Manifest.lock */ = {
			isa = PBXShellScriptBuildPhase;
			buildActionMask = 2147483647;
			files = (
			);
			inputFileListPaths = (
			);
			inputPaths = (
				"${PODS_PODFILE_DIR_PATH}/Podfile.lock",
				"${PODS_ROOT}/Manifest.lock",
			);
			name = "[CP] Check Pods Manifest.lock";
			outputFileListPaths = (
			);
			outputPaths = (
				"$(DERIVED_FILE_DIR)/Pods-MessageMyFriendsTests-checkManifestLockResult.txt",
			);
			runOnlyForDeploymentPostprocessing = 0;
			shellPath = /bin/sh;
			shellScript = "diff \"${PODS_PODFILE_DIR_PATH}/Podfile.lock\" \"${PODS_ROOT}/Manifest.lock\" > /dev/null\nif [ $? != 0 ] ; then\n    # print error to STDERR\n    echo \"error: The sandbox is not in sync with the Podfile.lock. Run 'pod install' or update your CocoaPods installation.\" >&2\n    exit 1\nfi\n# This output is used by Xcode 'outputs' to avoid re-running this script phase.\necho \"SUCCESS\" > \"${SCRIPT_OUTPUT_FILE_0}\"\n";
			showEnvVarsInLog = 0;
		};
		FDD73F2DB2BA077753452838 /* [CP] Check Pods Manifest.lock */ = {
			isa = PBXShellScriptBuildPhase;
			buildActionMask = 2147483647;
			files = (
			);
			inputFileListPaths = (
			);
			inputPaths = (
				"${PODS_PODFILE_DIR_PATH}/Podfile.lock",
				"${PODS_ROOT}/Manifest.lock",
			);
			name = "[CP] Check Pods Manifest.lock";
			outputFileListPaths = (
			);
			outputPaths = (
				"$(DERIVED_FILE_DIR)/Pods-MessageMyFriendsUITests-checkManifestLockResult.txt",
			);
			runOnlyForDeploymentPostprocessing = 0;
			shellPath = /bin/sh;
			shellScript = "diff \"${PODS_PODFILE_DIR_PATH}/Podfile.lock\" \"${PODS_ROOT}/Manifest.lock\" > /dev/null\nif [ $? != 0 ] ; then\n    # print error to STDERR\n    echo \"error: The sandbox is not in sync with the Podfile.lock. Run 'pod install' or update your CocoaPods installation.\" >&2\n    exit 1\nfi\n# This output is used by Xcode 'outputs' to avoid re-running this script phase.\necho \"SUCCESS\" > \"${SCRIPT_OUTPUT_FILE_0}\"\n";
			showEnvVarsInLog = 0;
		};
/* End PBXShellScriptBuildPhase section */

/* Begin PBXSourcesBuildPhase section */
		8C5442922235EDDA00E2727D /* Sources */ = {
			isa = PBXSourcesBuildPhase;
			buildActionMask = 2147483647;
			files = (
				8C5442EE22377D3800E2727D /* ChatVC.swift in Sources */,
				8C5442EB223773D000E2727D /* FriendCell.swift in Sources */,
				8C54429C2235EDDA00E2727D /* ViewController.swift in Sources */,
				8C5442F222377D6400E2727D /* ConfigUserVC.swift in Sources */,
				8C5442E322376E4500E2727D /* HomeVC-MapView.swift in Sources */,
				8C5442E122376E3200E2727D /* HomeVC-UI.swift in Sources */,
				8C5442E522376E5200E2727D /* HomeVC-TableView.swift in Sources */,
				8C5442DF22376E2400E2727D /* HomeVC.swift in Sources */,
				8C5442E92237727400E2727D /* Constants.swift in Sources */,
				8C54430C22379B7200E2727D /* LoginVC-Firebase.swift in Sources */,
				8C5442F022377D4700E2727D /* AddFriendVC.swift in Sources */,
				8C54429A2235EDDA00E2727D /* AppDelegate.swift in Sources */,
				8C54430D22379B7200E2727D /* LoginVC.swift in Sources */,
				C081993422399E1F00E4785C /* ChatVC-Firebase.swift in Sources */,
				8C5442E7223770B900E2727D /* Friend.swift in Sources */,
				8C5442DB2237326300E2727D /* LaunchVC.swift in Sources */,
				C08199362239A50000E4785C /* ChatVC-UI.swift in Sources */,
				8C54430B22379B7200E2727D /* LoginVC-UI.swift in Sources */,
				8C5442DD2237327400E2727D /* LaunchVC-UI.swift in Sources */,
				C081992C2239910E00E4785C /* Chat.swift in Sources */,
				C02FA8582238810A002BEDCA /* ConfigerUser-UI.swift in Sources */,
			);
			runOnlyForDeploymentPostprocessing = 0;
		};
		8C5442A62235EDDB00E2727D /* Sources */ = {
			isa = PBXSourcesBuildPhase;
			buildActionMask = 2147483647;
			files = (
				8C5442AF2235EDDB00E2727D /* MessageMyFriendsTests.swift in Sources */,
			);
			runOnlyForDeploymentPostprocessing = 0;
		};
		8C5442B12235EDDB00E2727D /* Sources */ = {
			isa = PBXSourcesBuildPhase;
			buildActionMask = 2147483647;
			files = (
				8C5442BA2235EDDB00E2727D /* MessageMyFriendsUITests.swift in Sources */,
			);
			runOnlyForDeploymentPostprocessing = 0;
		};
/* End PBXSourcesBuildPhase section */

/* Begin PBXTargetDependency section */
		8C5442AC2235EDDB00E2727D /* PBXTargetDependency */ = {
			isa = PBXTargetDependency;
			target = 8C5442952235EDDA00E2727D /* MessageMyFriends */;
			targetProxy = 8C5442AB2235EDDB00E2727D /* PBXContainerItemProxy */;
		};
		8C5442B72235EDDB00E2727D /* PBXTargetDependency */ = {
			isa = PBXTargetDependency;
			target = 8C5442952235EDDA00E2727D /* MessageMyFriends */;
			targetProxy = 8C5442B62235EDDB00E2727D /* PBXContainerItemProxy */;
		};
/* End PBXTargetDependency section */

/* Begin PBXVariantGroup section */
		8C54429D2235EDDA00E2727D /* Main.storyboard */ = {
			isa = PBXVariantGroup;
			children = (
				8C54429E2235EDDA00E2727D /* Base */,
			);
			name = Main.storyboard;
			sourceTree = "<group>";
		};
		8C5442A22235EDDB00E2727D /* LaunchScreen.storyboard */ = {
			isa = PBXVariantGroup;
			children = (
				8C5442A32235EDDB00E2727D /* Base */,
			);
			name = LaunchScreen.storyboard;
			sourceTree = "<group>";
		};
/* End PBXVariantGroup section */

/* Begin XCBuildConfiguration section */
		8C5442BC2235EDDB00E2727D /* Debug */ = {
			isa = XCBuildConfiguration;
			buildSettings = {
				ALWAYS_SEARCH_USER_PATHS = NO;
				CLANG_ANALYZER_NONNULL = YES;
				CLANG_ANALYZER_NUMBER_OBJECT_CONVERSION = YES_AGGRESSIVE;
				CLANG_CXX_LANGUAGE_STANDARD = "gnu++14";
				CLANG_CXX_LIBRARY = "libc++";
				CLANG_ENABLE_MODULES = YES;
				CLANG_ENABLE_OBJC_ARC = YES;
				CLANG_ENABLE_OBJC_WEAK = YES;
				CLANG_WARN_BLOCK_CAPTURE_AUTORELEASING = YES;
				CLANG_WARN_BOOL_CONVERSION = YES;
				CLANG_WARN_COMMA = YES;
				CLANG_WARN_CONSTANT_CONVERSION = YES;
				CLANG_WARN_DEPRECATED_OBJC_IMPLEMENTATIONS = YES;
				CLANG_WARN_DIRECT_OBJC_ISA_USAGE = YES_ERROR;
				CLANG_WARN_DOCUMENTATION_COMMENTS = YES;
				CLANG_WARN_EMPTY_BODY = YES;
				CLANG_WARN_ENUM_CONVERSION = YES;
				CLANG_WARN_INFINITE_RECURSION = YES;
				CLANG_WARN_INT_CONVERSION = YES;
				CLANG_WARN_NON_LITERAL_NULL_CONVERSION = YES;
				CLANG_WARN_OBJC_IMPLICIT_RETAIN_SELF = YES;
				CLANG_WARN_OBJC_LITERAL_CONVERSION = YES;
				CLANG_WARN_OBJC_ROOT_CLASS = YES_ERROR;
				CLANG_WARN_RANGE_LOOP_ANALYSIS = YES;
				CLANG_WARN_STRICT_PROTOTYPES = YES;
				CLANG_WARN_SUSPICIOUS_MOVE = YES;
				CLANG_WARN_UNGUARDED_AVAILABILITY = YES_AGGRESSIVE;
				CLANG_WARN_UNREACHABLE_CODE = YES;
				CLANG_WARN__DUPLICATE_METHOD_MATCH = YES;
				CODE_SIGN_IDENTITY = "iPhone Developer";
				COPY_PHASE_STRIP = NO;
				DEBUG_INFORMATION_FORMAT = dwarf;
				ENABLE_STRICT_OBJC_MSGSEND = YES;
				ENABLE_TESTABILITY = YES;
				GCC_C_LANGUAGE_STANDARD = gnu11;
				GCC_DYNAMIC_NO_PIC = NO;
				GCC_NO_COMMON_BLOCKS = YES;
				GCC_OPTIMIZATION_LEVEL = 0;
				GCC_PREPROCESSOR_DEFINITIONS = (
					"DEBUG=1",
					"$(inherited)",
				);
				GCC_WARN_64_TO_32_BIT_CONVERSION = YES;
				GCC_WARN_ABOUT_RETURN_TYPE = YES_ERROR;
				GCC_WARN_UNDECLARED_SELECTOR = YES;
				GCC_WARN_UNINITIALIZED_AUTOS = YES_AGGRESSIVE;
				GCC_WARN_UNUSED_FUNCTION = YES;
				GCC_WARN_UNUSED_VARIABLE = YES;
				IPHONEOS_DEPLOYMENT_TARGET = 12.1;
				MTL_ENABLE_DEBUG_INFO = INCLUDE_SOURCE;
				MTL_FAST_MATH = YES;
				ONLY_ACTIVE_ARCH = YES;
				SDKROOT = iphoneos;
				SWIFT_ACTIVE_COMPILATION_CONDITIONS = DEBUG;
				SWIFT_OPTIMIZATION_LEVEL = "-Onone";
			};
			name = Debug;
		};
		8C5442BD2235EDDB00E2727D /* Release */ = {
			isa = XCBuildConfiguration;
			buildSettings = {
				ALWAYS_SEARCH_USER_PATHS = NO;
				CLANG_ANALYZER_NONNULL = YES;
				CLANG_ANALYZER_NUMBER_OBJECT_CONVERSION = YES_AGGRESSIVE;
				CLANG_CXX_LANGUAGE_STANDARD = "gnu++14";
				CLANG_CXX_LIBRARY = "libc++";
				CLANG_ENABLE_MODULES = YES;
				CLANG_ENABLE_OBJC_ARC = YES;
				CLANG_ENABLE_OBJC_WEAK = YES;
				CLANG_WARN_BLOCK_CAPTURE_AUTORELEASING = YES;
				CLANG_WARN_BOOL_CONVERSION = YES;
				CLANG_WARN_COMMA = YES;
				CLANG_WARN_CONSTANT_CONVERSION = YES;
				CLANG_WARN_DEPRECATED_OBJC_IMPLEMENTATIONS = YES;
				CLANG_WARN_DIRECT_OBJC_ISA_USAGE = YES_ERROR;
				CLANG_WARN_DOCUMENTATION_COMMENTS = YES;
				CLANG_WARN_EMPTY_BODY = YES;
				CLANG_WARN_ENUM_CONVERSION = YES;
				CLANG_WARN_INFINITE_RECURSION = YES;
				CLANG_WARN_INT_CONVERSION = YES;
				CLANG_WARN_NON_LITERAL_NULL_CONVERSION = YES;
				CLANG_WARN_OBJC_IMPLICIT_RETAIN_SELF = YES;
				CLANG_WARN_OBJC_LITERAL_CONVERSION = YES;
				CLANG_WARN_OBJC_ROOT_CLASS = YES_ERROR;
				CLANG_WARN_RANGE_LOOP_ANALYSIS = YES;
				CLANG_WARN_STRICT_PROTOTYPES = YES;
				CLANG_WARN_SUSPICIOUS_MOVE = YES;
				CLANG_WARN_UNGUARDED_AVAILABILITY = YES_AGGRESSIVE;
				CLANG_WARN_UNREACHABLE_CODE = YES;
				CLANG_WARN__DUPLICATE_METHOD_MATCH = YES;
				CODE_SIGN_IDENTITY = "iPhone Developer";
				COPY_PHASE_STRIP = NO;
				DEBUG_INFORMATION_FORMAT = "dwarf-with-dsym";
				ENABLE_NS_ASSERTIONS = NO;
				ENABLE_STRICT_OBJC_MSGSEND = YES;
				GCC_C_LANGUAGE_STANDARD = gnu11;
				GCC_NO_COMMON_BLOCKS = YES;
				GCC_WARN_64_TO_32_BIT_CONVERSION = YES;
				GCC_WARN_ABOUT_RETURN_TYPE = YES_ERROR;
				GCC_WARN_UNDECLARED_SELECTOR = YES;
				GCC_WARN_UNINITIALIZED_AUTOS = YES_AGGRESSIVE;
				GCC_WARN_UNUSED_FUNCTION = YES;
				GCC_WARN_UNUSED_VARIABLE = YES;
				IPHONEOS_DEPLOYMENT_TARGET = 12.1;
				MTL_ENABLE_DEBUG_INFO = NO;
				MTL_FAST_MATH = YES;
				SDKROOT = iphoneos;
				SWIFT_COMPILATION_MODE = wholemodule;
				SWIFT_OPTIMIZATION_LEVEL = "-O";
				VALIDATE_PRODUCT = YES;
			};
			name = Release;
		};
		8C5442BF2235EDDB00E2727D /* Debug */ = {
			isa = XCBuildConfiguration;
			baseConfigurationReference = EABBF6B8ED8D1A0A51E2C2F8 /* Pods-MessageMyFriends.debug.xcconfig */;
			buildSettings = {
				ASSETCATALOG_COMPILER_APPICON_NAME = AppIcon;
				CODE_SIGN_ENTITLEMENTS = MessageMyFriends/MessageMyFriends.entitlements;
				CODE_SIGN_STYLE = Automatic;
				DEVELOPMENT_TEAM = Y2JVY29H4R;
				INFOPLIST_FILE = MessageMyFriends/Info.plist;
				LD_RUNPATH_SEARCH_PATHS = (
					"$(inherited)",
					"@executable_path/Frameworks",
				);
				PRODUCT_BUNDLE_IDENTIFIER = com.mdb.iostraining.sp19.mp5.anity;
				PRODUCT_NAME = "$(TARGET_NAME)";
				SWIFT_OBJC_BRIDGING_HEADER = "";
				SWIFT_VERSION = 4.2;
				TARGETED_DEVICE_FAMILY = "1,2";
			};
			name = Debug;
		};
		8C5442C02235EDDB00E2727D /* Release */ = {
			isa = XCBuildConfiguration;
			baseConfigurationReference = 282F8B82B7DA2BCE937D11DE /* Pods-MessageMyFriends.release.xcconfig */;
			buildSettings = {
				ASSETCATALOG_COMPILER_APPICON_NAME = AppIcon;
				CODE_SIGN_ENTITLEMENTS = MessageMyFriends/MessageMyFriends.entitlements;
				CODE_SIGN_STYLE = Automatic;
				DEVELOPMENT_TEAM = Y2JVY29H4R;
				INFOPLIST_FILE = MessageMyFriends/Info.plist;
				LD_RUNPATH_SEARCH_PATHS = (
					"$(inherited)",
					"@executable_path/Frameworks",
				);
				PRODUCT_BUNDLE_IDENTIFIER = com.mdb.iostraining.sp19.mp5.anity;
				PRODUCT_NAME = "$(TARGET_NAME)";
				SWIFT_OBJC_BRIDGING_HEADER = "";
				SWIFT_VERSION = 4.2;
				TARGETED_DEVICE_FAMILY = "1,2";
			};
			name = Release;
		};
		8C5442C22235EDDB00E2727D /* Debug */ = {
			isa = XCBuildConfiguration;
			baseConfigurationReference = 4BD2D1B8E1E6E9CFFE1DA226 /* Pods-MessageMyFriendsTests.debug.xcconfig */;
			buildSettings = {
				ALWAYS_EMBED_SWIFT_STANDARD_LIBRARIES = YES;
				BUNDLE_LOADER = "$(TEST_HOST)";
				CODE_SIGN_STYLE = Automatic;
				DEVELOPMENT_TEAM = Y2JVY29H4R;
				INFOPLIST_FILE = MessageMyFriendsTests/Info.plist;
				LD_RUNPATH_SEARCH_PATHS = (
					"$(inherited)",
					"@executable_path/Frameworks",
					"@loader_path/Frameworks",
				);
				PRODUCT_BUNDLE_IDENTIFIER = Tyler.MessageMyFriendsTests;
				PRODUCT_NAME = "$(TARGET_NAME)";
				SWIFT_VERSION = 4.2;
				TARGETED_DEVICE_FAMILY = "1,2";
				TEST_HOST = "$(BUILT_PRODUCTS_DIR)/MessageMyFriends.app/MessageMyFriends";
			};
			name = Debug;
		};
		8C5442C32235EDDB00E2727D /* Release */ = {
			isa = XCBuildConfiguration;
			baseConfigurationReference = B11A437B36F44DA4AC096D4E /* Pods-MessageMyFriendsTests.release.xcconfig */;
			buildSettings = {
				ALWAYS_EMBED_SWIFT_STANDARD_LIBRARIES = YES;
				BUNDLE_LOADER = "$(TEST_HOST)";
				CODE_SIGN_STYLE = Automatic;
				DEVELOPMENT_TEAM = Y2JVY29H4R;
				INFOPLIST_FILE = MessageMyFriendsTests/Info.plist;
				LD_RUNPATH_SEARCH_PATHS = (
					"$(inherited)",
					"@executable_path/Frameworks",
					"@loader_path/Frameworks",
				);
				PRODUCT_BUNDLE_IDENTIFIER = Tyler.MessageMyFriendsTests;
				PRODUCT_NAME = "$(TARGET_NAME)";
				SWIFT_VERSION = 4.2;
				TARGETED_DEVICE_FAMILY = "1,2";
				TEST_HOST = "$(BUILT_PRODUCTS_DIR)/MessageMyFriends.app/MessageMyFriends";
			};
			name = Release;
		};
		8C5442C52235EDDB00E2727D /* Debug */ = {
			isa = XCBuildConfiguration;
			baseConfigurationReference = 0800CFE4B3E84A8B36BA5363 /* Pods-MessageMyFriendsUITests.debug.xcconfig */;
			buildSettings = {
				ALWAYS_EMBED_SWIFT_STANDARD_LIBRARIES = YES;
				CODE_SIGN_STYLE = Automatic;
				DEVELOPMENT_TEAM = Y2JVY29H4R;
				INFOPLIST_FILE = MessageMyFriendsUITests/Info.plist;
				LD_RUNPATH_SEARCH_PATHS = (
					"$(inherited)",
					"@executable_path/Frameworks",
					"@loader_path/Frameworks",
				);
				PRODUCT_BUNDLE_IDENTIFIER = Tyler.MessageMyFriendsUITests;
				PRODUCT_NAME = "$(TARGET_NAME)";
				SWIFT_VERSION = 4.2;
				TARGETED_DEVICE_FAMILY = "1,2";
				TEST_TARGET_NAME = MessageMyFriends;
			};
			name = Debug;
		};
		8C5442C62235EDDB00E2727D /* Release */ = {
			isa = XCBuildConfiguration;
			baseConfigurationReference = 3DE1FD7DB280B91DD2554179 /* Pods-MessageMyFriendsUITests.release.xcconfig */;
			buildSettings = {
				ALWAYS_EMBED_SWIFT_STANDARD_LIBRARIES = YES;
				CODE_SIGN_STYLE = Automatic;
				DEVELOPMENT_TEAM = Y2JVY29H4R;
				INFOPLIST_FILE = MessageMyFriendsUITests/Info.plist;
				LD_RUNPATH_SEARCH_PATHS = (
					"$(inherited)",
					"@executable_path/Frameworks",
					"@loader_path/Frameworks",
				);
				PRODUCT_BUNDLE_IDENTIFIER = Tyler.MessageMyFriendsUITests;
				PRODUCT_NAME = "$(TARGET_NAME)";
				SWIFT_VERSION = 4.2;
				TARGETED_DEVICE_FAMILY = "1,2";
				TEST_TARGET_NAME = MessageMyFriends;
			};
			name = Release;
		};
/* End XCBuildConfiguration section */

/* Begin XCConfigurationList section */
		8C5442912235EDDA00E2727D /* Build configuration list for PBXProject "MessageMyFriends" */ = {
			isa = XCConfigurationList;
			buildConfigurations = (
				8C5442BC2235EDDB00E2727D /* Debug */,
				8C5442BD2235EDDB00E2727D /* Release */,
			);
			defaultConfigurationIsVisible = 0;
			defaultConfigurationName = Release;
		};
		8C5442BE2235EDDB00E2727D /* Build configuration list for PBXNativeTarget "MessageMyFriends" */ = {
			isa = XCConfigurationList;
			buildConfigurations = (
				8C5442BF2235EDDB00E2727D /* Debug */,
				8C5442C02235EDDB00E2727D /* Release */,
			);
			defaultConfigurationIsVisible = 0;
			defaultConfigurationName = Release;
		};
		8C5442C12235EDDB00E2727D /* Build configuration list for PBXNativeTarget "MessageMyFriendsTests" */ = {
			isa = XCConfigurationList;
			buildConfigurations = (
				8C5442C22235EDDB00E2727D /* Debug */,
				8C5442C32235EDDB00E2727D /* Release */,
			);
			defaultConfigurationIsVisible = 0;
			defaultConfigurationName = Release;
		};
		8C5442C42235EDDB00E2727D /* Build configuration list for PBXNativeTarget "MessageMyFriendsUITests" */ = {
			isa = XCConfigurationList;
			buildConfigurations = (
				8C5442C52235EDDB00E2727D /* Debug */,
				8C5442C62235EDDB00E2727D /* Release */,
			);
			defaultConfigurationIsVisible = 0;
			defaultConfigurationName = Release;
		};
/* End XCConfigurationList section */
	};
	rootObject = 8C54428E2235EDDA00E2727D /* Project object */;
}
